<?xml version="1.0" encoding="utf-8"?>
<Project ToolsVersion="4.0" xmlns="http://schemas.microsoft.com/developer/msbuild/2003">
  <ItemGroup>
    <Filter Include="Source Files">
      <UniqueIdentifier>{54a3ac49-b24b-4f94-a0e1-48796f8104c3}</UniqueIdentifier>
      <Extensions>cpp;c;cxx;rc;def;r;odl;idl;hpj;bat</Extensions>
    </Filter>
    <Filter Include="Header Files">
      <UniqueIdentifier>{0db9f9f3-9e39-4e8c-a1bc-98b4722c5892}</UniqueIdentifier>
      <Extensions>h;hpp;hxx;hm;inl</Extensions>
    </Filter>
  </ItemGroup>
  <ItemGroup>
    <ClCompile Include="2dclip.cpp">
      <Filter>Source Files</Filter>
    </ClCompile>
    <ClCompile Include="clip_ssectors.cpp">
      <Filter>Source Files</Filter>
    </ClCompile>
    <ClCompile Include="convert.cpp">
      <Filter>Source Files</Filter>
    </ClCompile>
    <ClCompile Include="dumpmap.cpp">
      <Filter>Source Files</Filter>
    </ClCompile>
    <ClCompile Include="progress.cpp">
      <Filter>Source Files</Filter>
    </ClCompile>
    <ClCompile Include="StdAfx.cpp">
      <Filter>Source Files</Filter>
    </ClCompile>
    <ClCompile Include="subtract_ssectors.cpp">
      <Filter>Source Files</Filter>
    </ClCompile>
    <ClCompile Include="things.cpp">
      <Filter>Source Files</Filter>
    </ClCompile>
    <ClCompile Include="wad2map.cpp">
      <Filter>Source Files</Filter>
    </ClCompile>
    <ClCompile Include="wadentries.cpp">
      <Filter>Source Files</Filter>
    </ClCompile>
    <ClCompile Include="WadFile.cpp">
      <Filter>Source Files</Filter>
    </ClCompile>
  </ItemGroup>
  <ItemGroup>
    <ClInclude Include="2dclip.h">
      <Filter>Header Files</Filter>
    </ClInclude>
    <ClInclude Include="clip_ssectors.h">
      <Filter>Header Files</Filter>
    </ClInclude>
    <ClInclude Include="convert.h">
      <Filter>Header Files</Filter>
    </ClInclude>
    <ClInclude Include="defs.h">
      <Filter>Header Files</Filter>
    </ClInclude>
    <ClInclude Include="doomlevel.h">
      <Filter>Header Files</Filter>
    </ClInclude>
    <ClInclude Include="dumpmap.h">
      <Filter>Header Files</Filter>
    </ClInclude>
    <ClInclude Include="globals.h">
      <Filter>Header Files</Filter>
    </ClInclude>
    <ClInclude Include="progress.h">
      <Filter>Header Files</Filter>
    </ClInclude>
    <ClInclude Include="StdAfx.h">
      <Filter>Header Files</Filter>
    </ClInclude>
    <ClInclude Include="subtract_ssectors.h">
      <Filter>Header Files</Filter>
    </ClInclude>
    <ClInclude Include="things.h">
      <Filter>Header Files</Filter>
    </ClInclude>
    <ClInclude Include="types.h">
      <Filter>Header Files</Filter>
    </ClInclude>
    <ClInclude Include="wadentries.h">
      <Filter>Header Files</Filter>
    </ClInclude>
    <ClInclude Include="WadFile.h">
      <Filter>Header Files</Filter>
    </ClInclude>
  </ItemGroup>
</Project>